// !$*UTF8*$!
{
	archiveVersion = 1;
	classes = {
	};
	objectVersion = 50;
	objects = {

/* Begin PBXBuildFile section */
		1E5BC9029CACE0EA92B4A81F /* libPods-NTESNotificationService.a in Frameworks */ = {isa = PBXBuildFile; fileRef = A58A8C03812E203E9E67730E /* libPods-NTESNotificationService.a */; };
		802A51946C9D5630B47AB663 /* libPods-NTESNotificationContent.a in Frameworks */ = {isa = PBXBuildFile; fileRef = D7CEE523116E1C4FAF134CE9 /* libPods-NTESNotificationContent.a */; };
		A10C5D8F20DB84EE00023EDD /* NTESLoginManager.m in Sources */ = {isa = PBXBuildFile; fileRef = A10C5D8620DB84AD00023EDD /* NTESLoginManager.m */; };
		A10C5D9020DB84EE00023EDD /* NTESLoginViewController.xib in Resources */ = {isa = PBXBuildFile; fileRef = A10C5D8720DB84B700023EDD /* NTESLoginViewController.xib */; };
		A10C5D9120DB84EE00023EDD /* NTESPageContext.m in Sources */ = {isa = PBXBuildFile; fileRef = A10C5D8820DB84BF00023EDD /* NTESPageContext.m */; };
		A10C5D9220DB84EE00023EDD /* NTESLoginViewController.m in Sources */ = {isa = PBXBuildFile; fileRef = A10C5D8B20DB84CE00023EDD /* NTESLoginViewController.m */; };
		A10C5D9820DB851600023EDD /* NSString+NTES.m in Sources */ = {isa = PBXBuildFile; fileRef = A10C5D9320DB84F400023EDD /* NSString+NTES.m */; };
		A10C5D9920DB851600023EDD /* UIView+NTES.m in Sources */ = {isa = PBXBuildFile; fileRef = A10C5D9520DB850500023EDD /* UIView+NTES.m */; };
		A10C5D9A20DB851600023EDD /* UIView+Toast.m in Sources */ = {isa = PBXBuildFile; fileRef = A10C5D9720DB851600023EDD /* UIView+Toast.m */; };
		A10C5D9F20DB853E00023EDD /* NTESMainViewController.m in Sources */ = {isa = PBXBuildFile; fileRef = A10C5D9B20DB852200023EDD /* NTESMainViewController.m */; };
		A10C5DA020DB853E00023EDD /* NTESNotificationAction.m in Sources */ = {isa = PBXBuildFile; fileRef = A10C5D9D20DB853400023EDD /* NTESNotificationAction.m */; };
		A10C5DA320DB859100023EDD /* NTESDemoConfig.m in Sources */ = {isa = PBXBuildFile; fileRef = A10C5DA220DB859000023EDD /* NTESDemoConfig.m */; };
		A10C5DAD20DB883D00023EDD /* NotificationService.m in Sources */ = {isa = PBXBuildFile; fileRef = A10C5DAC20DB883D00023EDD /* NotificationService.m */; };
		A10C5DB120DB883D00023EDD /* NTESNotificationService.appex in Embed App Extensions */ = {isa = PBXBuildFile; fileRef = A10C5DA920DB883D00023EDD /* NTESNotificationService.appex */; settings = {ATTRIBUTES = (RemoveHeadersOnCopy, ); }; };
		A10C5DBD20DB889000023EDD /* UserNotifications.framework in Frameworks */ = {isa = PBXBuildFile; fileRef = A10C5DBC20DB889000023EDD /* UserNotifications.framework */; };
		A10C5DBF20DB889000023EDD /* UserNotificationsUI.framework in Frameworks */ = {isa = PBXBuildFile; fileRef = A10C5DBE20DB889000023EDD /* UserNotificationsUI.framework */; };
		A10C5DC320DB889000023EDD /* NotificationViewController.m in Sources */ = {isa = PBXBuildFile; fileRef = A10C5DC220DB889000023EDD /* NotificationViewController.m */; };
		A10C5DC620DB889000023EDD /* MainInterface.storyboard in Resources */ = {isa = PBXBuildFile; fileRef = A10C5DC420DB889000023EDD /* MainInterface.storyboard */; };
		A10C5DCA20DB889000023EDD /* NTESNotificationContent.appex in Embed App Extensions */ = {isa = PBXBuildFile; fileRef = A10C5DBA20DB889000023EDD /* NTESNotificationContent.appex */; settings = {ATTRIBUTES = (RemoveHeadersOnCopy, ); }; };
		A12C27B920DB8147001B4F19 /* AppDelegate.m in Sources */ = {isa = PBXBuildFile; fileRef = A12C27B820DB8147001B4F19 /* AppDelegate.m */; };
		A12C27BF20DB8147001B4F19 /* Main.storyboard in Resources */ = {isa = PBXBuildFile; fileRef = A12C27BD20DB8147001B4F19 /* Main.storyboard */; };
		A12C27C120DB8149001B4F19 /* Assets.xcassets in Resources */ = {isa = PBXBuildFile; fileRef = A12C27C020DB8149001B4F19 /* Assets.xcassets */; };
		A12C27C420DB8149001B4F19 /* LaunchScreen.storyboard in Resources */ = {isa = PBXBuildFile; fileRef = A12C27C220DB8149001B4F19 /* LaunchScreen.storyboard */; };
		A12C27C720DB8149001B4F19 /* main.m in Sources */ = {isa = PBXBuildFile; fileRef = A12C27C620DB8149001B4F19 /* main.m */; };
		D04E248E68A6D89383957043 /* libPods-NIMPushTool.a in Frameworks */ = {isa = PBXBuildFile; fileRef = DCA47121EDB3DA2605B9E27D /* libPods-NIMPushTool.a */; };
/* End PBXBuildFile section */

/* Begin PBXContainerItemProxy section */
		A10C5DAF20DB883D00023EDD /* PBXContainerItemProxy */ = {
			isa = PBXContainerItemProxy;
			containerPortal = A12C27AC20DB8147001B4F19 /* Project object */;
			proxyType = 1;
			remoteGlobalIDString = A10C5DA820DB883D00023EDD;
			remoteInfo = NTESNotificationService;
		};
		A10C5DC820DB889000023EDD /* PBXContainerItemProxy */ = {
			isa = PBXContainerItemProxy;
			containerPortal = A12C27AC20DB8147001B4F19 /* Project object */;
			proxyType = 1;
			remoteGlobalIDString = A10C5DB920DB889000023EDD;
			remoteInfo = NTESNotificationContent;
		};
/* End PBXContainerItemProxy section */

/* Begin PBXCopyFilesBuildPhase section */
		A10C5D8420DB83D900023EDD /* Embed Frameworks */ = {
			isa = PBXCopyFilesBuildPhase;
			buildActionMask = 2147483647;
			dstPath = "";
			dstSubfolderSpec = 10;
			files = (
			);
			name = "Embed Frameworks";
			runOnlyForDeploymentPostprocessing = 0;
		};
		A10C5DB520DB883D00023EDD /* Embed App Extensions */ = {
			isa = PBXCopyFilesBuildPhase;
			buildActionMask = 2147483647;
			dstPath = "";
			dstSubfolderSpec = 13;
			files = (
				A10C5DB120DB883D00023EDD /* NTESNotificationService.appex in Embed App Extensions */,
				A10C5DCA20DB889000023EDD /* NTESNotificationContent.appex in Embed App Extensions */,
			);
			name = "Embed App Extensions";
			runOnlyForDeploymentPostprocessing = 0;
		};
/* End PBXCopyFilesBuildPhase section */

/* Begin PBXFileReference section */
		1A036A82A3EE6857329AA0DD /* Pods-NTESNotificationContent.release.xcconfig */ = {isa = PBXFileReference; includeInIndex = 1; lastKnownFileType = text.xcconfig; name = "Pods-NTESNotificationContent.release.xcconfig"; path = "Pods/Target Support Files/Pods-NTESNotificationContent/Pods-NTESNotificationContent.release.xcconfig"; sourceTree = "<group>"; };
		75CB6B3EE59FB85547C27ABE /* Pods-NTESNotificationService.release.xcconfig */ = {isa = PBXFileReference; includeInIndex = 1; lastKnownFileType = text.xcconfig; name = "Pods-NTESNotificationService.release.xcconfig"; path = "Pods/Target Support Files/Pods-NTESNotificationService/Pods-NTESNotificationService.release.xcconfig"; sourceTree = "<group>"; };
		9368C0CAA1317E10A63D8C17 /* Pods-NIMPushTool.debug.xcconfig */ = {isa = PBXFileReference; includeInIndex = 1; lastKnownFileType = text.xcconfig; name = "Pods-NIMPushTool.debug.xcconfig"; path = "Pods/Target Support Files/Pods-NIMPushTool/Pods-NIMPushTool.debug.xcconfig"; sourceTree = "<group>"; };
		94E0F2CD8362B6FB79A0BD09 /* Pods-NIMPushTool.release.xcconfig */ = {isa = PBXFileReference; includeInIndex = 1; lastKnownFileType = text.xcconfig; name = "Pods-NIMPushTool.release.xcconfig"; path = "Pods/Target Support Files/Pods-NIMPushTool/Pods-NIMPushTool.release.xcconfig"; sourceTree = "<group>"; };
		A10C5D8620DB84AD00023EDD /* NTESLoginManager.m */ = {isa = PBXFileReference; fileEncoding = 4; lastKnownFileType = sourcecode.c.objc; path = NTESLoginManager.m; sourceTree = "<group>"; };
		A10C5D8720DB84B700023EDD /* NTESLoginViewController.xib */ = {isa = PBXFileReference; fileEncoding = 4; lastKnownFileType = file.xib; path = NTESLoginViewController.xib; sourceTree = "<group>"; };
		A10C5D8820DB84BF00023EDD /* NTESPageContext.m */ = {isa = PBXFileReference; fileEncoding = 4; lastKnownFileType = sourcecode.c.objc; path = NTESPageContext.m; sourceTree = "<group>"; };
		A10C5D8A20DB84C700023EDD /* NTESLoginViewController.h */ = {isa = PBXFileReference; fileEncoding = 4; lastKnownFileType = sourcecode.c.h; path = NTESLoginViewController.h; sourceTree = "<group>"; };
		A10C5D8B20DB84CE00023EDD /* NTESLoginViewController.m */ = {isa = PBXFileReference; fileEncoding = 4; lastKnownFileType = sourcecode.c.objc; path = NTESLoginViewController.m; sourceTree = "<group>"; };
		A10C5D8C20DB84DE00023EDD /* NTESLoginManager.h */ = {isa = PBXFileReference; fileEncoding = 4; lastKnownFileType = sourcecode.c.h; path = NTESLoginManager.h; sourceTree = "<group>"; };
		A10C5D8D20DB84E700023EDD /* UIView+NTES.h */ = {isa = PBXFileReference; fileEncoding = 4; lastKnownFileType = sourcecode.c.h; path = "UIView+NTES.h"; sourceTree = "<group>"; };
		A10C5D8E20DB84EE00023EDD /* NTESPageContext.h */ = {isa = PBXFileReference; fileEncoding = 4; lastKnownFileType = sourcecode.c.h; path = NTESPageContext.h; sourceTree = "<group>"; };
		A10C5D9320DB84F400023EDD /* NSString+NTES.m */ = {isa = PBXFileReference; fileEncoding = 4; lastKnownFileType = sourcecode.c.objc; path = "NSString+NTES.m"; sourceTree = "<group>"; };
		A10C5D9420DB84FE00023EDD /* NSString+NTES.h */ = {isa = PBXFileReference; fileEncoding = 4; lastKnownFileType = sourcecode.c.h; path = "NSString+NTES.h"; sourceTree = "<group>"; };
		A10C5D9520DB850500023EDD /* UIView+NTES.m */ = {isa = PBXFileReference; fileEncoding = 4; lastKnownFileType = sourcecode.c.objc; path = "UIView+NTES.m"; sourceTree = "<group>"; };
		A10C5D9620DB850E00023EDD /* UIView+Toast.h */ = {isa = PBXFileReference; fileEncoding = 4; lastKnownFileType = sourcecode.c.h; path = "UIView+Toast.h"; sourceTree = "<group>"; };
		A10C5D9720DB851600023EDD /* UIView+Toast.m */ = {isa = PBXFileReference; fileEncoding = 4; lastKnownFileType = sourcecode.c.objc; path = "UIView+Toast.m"; sourceTree = "<group>"; };
		A10C5D9B20DB852200023EDD /* NTESMainViewController.m */ = {isa = PBXFileReference; fileEncoding = 4; lastKnownFileType = sourcecode.c.objc; path = NTESMainViewController.m; sourceTree = "<group>"; };
		A10C5D9C20DB852A00023EDD /* NTESNotificationAction.h */ = {isa = PBXFileReference; fileEncoding = 4; lastKnownFileType = sourcecode.c.h; path = NTESNotificationAction.h; sourceTree = "<group>"; };
		A10C5D9D20DB853400023EDD /* NTESNotificationAction.m */ = {isa = PBXFileReference; fileEncoding = 4; lastKnownFileType = sourcecode.c.objc; path = NTESNotificationAction.m; sourceTree = "<group>"; };
		A10C5D9E20DB853D00023EDD /* NTESMainViewController.h */ = {isa = PBXFileReference; fileEncoding = 4; lastKnownFileType = sourcecode.c.h; path = NTESMainViewController.h; sourceTree = "<group>"; };
		A10C5DA120DB858400023EDD /* NTESDemoConfig.h */ = {isa = PBXFileReference; fileEncoding = 4; lastKnownFileType = sourcecode.c.h; path = NTESDemoConfig.h; sourceTree = "<group>"; };
		A10C5DA220DB859000023EDD /* NTESDemoConfig.m */ = {isa = PBXFileReference; fileEncoding = 4; lastKnownFileType = sourcecode.c.objc; path = NTESDemoConfig.m; sourceTree = "<group>"; };
		A10C5DA420DB85C400023EDD /* PrefixHeader.pch */ = {isa = PBXFileReference; lastKnownFileType = sourcecode.c.h; path = PrefixHeader.pch; sourceTree = "<group>"; };
		A10C5DA920DB883D00023EDD /* NTESNotificationService.appex */ = {isa = PBXFileReference; explicitFileType = "wrapper.app-extension"; includeInIndex = 0; path = NTESNotificationService.appex; sourceTree = BUILT_PRODUCTS_DIR; };
		A10C5DAB20DB883D00023EDD /* NotificationService.h */ = {isa = PBXFileReference; lastKnownFileType = sourcecode.c.h; path = NotificationService.h; sourceTree = "<group>"; };
		A10C5DAC20DB883D00023EDD /* NotificationService.m */ = {isa = PBXFileReference; lastKnownFileType = sourcecode.c.objc; path = NotificationService.m; sourceTree = "<group>"; };
		A10C5DAE20DB883D00023EDD /* Info.plist */ = {isa = PBXFileReference; lastKnownFileType = text.plist.xml; path = Info.plist; sourceTree = "<group>"; };
		A10C5DBA20DB889000023EDD /* NTESNotificationContent.appex */ = {isa = PBXFileReference; explicitFileType = "wrapper.app-extension"; includeInIndex = 0; path = NTESNotificationContent.appex; sourceTree = BUILT_PRODUCTS_DIR; };
		A10C5DBC20DB889000023EDD /* UserNotifications.framework */ = {isa = PBXFileReference; lastKnownFileType = wrapper.framework; name = UserNotifications.framework; path = System/Library/Frameworks/UserNotifications.framework; sourceTree = SDKROOT; };
		A10C5DBE20DB889000023EDD /* UserNotificationsUI.framework */ = {isa = PBXFileReference; lastKnownFileType = wrapper.framework; name = UserNotificationsUI.framework; path = System/Library/Frameworks/UserNotificationsUI.framework; sourceTree = SDKROOT; };
		A10C5DC120DB889000023EDD /* NotificationViewController.h */ = {isa = PBXFileReference; lastKnownFileType = sourcecode.c.h; path = NotificationViewController.h; sourceTree = "<group>"; };
		A10C5DC220DB889000023EDD /* NotificationViewController.m */ = {isa = PBXFileReference; lastKnownFileType = sourcecode.c.objc; path = NotificationViewController.m; sourceTree = "<group>"; };
		A10C5DC520DB889000023EDD /* Base */ = {isa = PBXFileReference; lastKnownFileType = file.storyboard; name = Base; path = Base.lproj/MainInterface.storyboard; sourceTree = "<group>"; };
		A10C5DC720DB889000023EDD /* Info.plist */ = {isa = PBXFileReference; lastKnownFileType = text.plist.xml; path = Info.plist; sourceTree = "<group>"; };
		A10C5DCE20DB8E5600023EDD /* NIMPushTool.entitlements */ = {isa = PBXFileReference; lastKnownFileType = text.plist.entitlements; path = NIMPushTool.entitlements; sourceTree = "<group>"; };
		A12C27B420DB8147001B4F19 /* NIMPushTool.app */ = {isa = PBXFileReference; explicitFileType = wrapper.application; includeInIndex = 0; path = NIMPushTool.app; sourceTree = BUILT_PRODUCTS_DIR; };
		A12C27B720DB8147001B4F19 /* AppDelegate.h */ = {isa = PBXFileReference; lastKnownFileType = sourcecode.c.h; path = AppDelegate.h; sourceTree = "<group>"; };
		A12C27B820DB8147001B4F19 /* AppDelegate.m */ = {isa = PBXFileReference; lastKnownFileType = sourcecode.c.objc; path = AppDelegate.m; sourceTree = "<group>"; };
		A12C27BE20DB8147001B4F19 /* Base */ = {isa = PBXFileReference; lastKnownFileType = file.storyboard; name = Base; path = Base.lproj/Main.storyboard; sourceTree = "<group>"; };
		A12C27C020DB8149001B4F19 /* Assets.xcassets */ = {isa = PBXFileReference; lastKnownFileType = folder.assetcatalog; path = Assets.xcassets; sourceTree = "<group>"; };
		A12C27C320DB8149001B4F19 /* Base */ = {isa = PBXFileReference; lastKnownFileType = file.storyboard; name = Base; path = Base.lproj/LaunchScreen.storyboard; sourceTree = "<group>"; };
		A12C27C520DB8149001B4F19 /* Info.plist */ = {isa = PBXFileReference; lastKnownFileType = text.plist.xml; path = Info.plist; sourceTree = "<group>"; };
		A12C27C620DB8149001B4F19 /* main.m */ = {isa = PBXFileReference; lastKnownFileType = sourcecode.c.objc; path = main.m; sourceTree = "<group>"; };
		A58A8C03812E203E9E67730E /* libPods-NTESNotificationService.a */ = {isa = PBXFileReference; explicitFileType = archive.ar; includeInIndex = 0; path = "libPods-NTESNotificationService.a"; sourceTree = BUILT_PRODUCTS_DIR; };
		C1130EC24649B2A6B9ED0FE7 /* Pods-NTESNotificationService.debug.xcconfig */ = {isa = PBXFileReference; includeInIndex = 1; lastKnownFileType = text.xcconfig; name = "Pods-NTESNotificationService.debug.xcconfig"; path = "Pods/Target Support Files/Pods-NTESNotificationService/Pods-NTESNotificationService.debug.xcconfig"; sourceTree = "<group>"; };
		CD4B558844882A6D2D99FDE7 /* Pods-NTESNotificationContent.debug.xcconfig */ = {isa = PBXFileReference; includeInIndex = 1; lastKnownFileType = text.xcconfig; name = "Pods-NTESNotificationContent.debug.xcconfig"; path = "Pods/Target Support Files/Pods-NTESNotificationContent/Pods-NTESNotificationContent.debug.xcconfig"; sourceTree = "<group>"; };
		D7CEE523116E1C4FAF134CE9 /* libPods-NTESNotificationContent.a */ = {isa = PBXFileReference; explicitFileType = archive.ar; includeInIndex = 0; path = "libPods-NTESNotificationContent.a"; sourceTree = BUILT_PRODUCTS_DIR; };
		DCA47121EDB3DA2605B9E27D /* libPods-NIMPushTool.a */ = {isa = PBXFileReference; explicitFileType = archive.ar; includeInIndex = 0; path = "libPods-NIMPushTool.a"; sourceTree = BUILT_PRODUCTS_DIR; };
/* End PBXFileReference section */

/* Begin PBXFrameworksBuildPhase section */
		A10C5DA620DB883D00023EDD /* Frameworks */ = {
			isa = PBXFrameworksBuildPhase;
			buildActionMask = 2147483647;
			files = (
				1E5BC9029CACE0EA92B4A81F /* libPods-NTESNotificationService.a in Frameworks */,
			);
			runOnlyForDeploymentPostprocessing = 0;
		};
		A10C5DB720DB889000023EDD /* Frameworks */ = {
			isa = PBXFrameworksBuildPhase;
			buildActionMask = 2147483647;
			files = (
				A10C5DBF20DB889000023EDD /* UserNotificationsUI.framework in Frameworks */,
				A10C5DBD20DB889000023EDD /* UserNotifications.framework in Frameworks */,
				802A51946C9D5630B47AB663 /* libPods-NTESNotificationContent.a in Frameworks */,
			);
			runOnlyForDeploymentPostprocessing = 0;
		};
		A12C27B120DB8147001B4F19 /* Frameworks */ = {
			isa = PBXFrameworksBuildPhase;
			buildActionMask = 2147483647;
			files = (
				D04E248E68A6D89383957043 /* libPods-NIMPushTool.a in Frameworks */,
			);
			runOnlyForDeploymentPostprocessing = 0;
		};
/* End PBXFrameworksBuildPhase section */

/* Begin PBXGroup section */
		A10C5D7F20DB834500023EDD /* Section */ = {
			isa = PBXGroup;
			children = (
				A10C5D9E20DB853D00023EDD /* NTESMainViewController.h */,
				A10C5D9B20DB852200023EDD /* NTESMainViewController.m */,
				A10C5D9C20DB852A00023EDD /* NTESNotificationAction.h */,
				A10C5D9D20DB853400023EDD /* NTESNotificationAction.m */,
				A10C5D8520DB848700023EDD /* Login */,
			);
			path = Section;
			sourceTree = "<group>";
		};
		A10C5D8020DB834F00023EDD /* SupportingFiles */ = {
			isa = PBXGroup;
			children = (
				A12C27BD20DB8147001B4F19 /* Main.storyboard */,
				A12C27C020DB8149001B4F19 /* Assets.xcassets */,
				A12C27C220DB8149001B4F19 /* LaunchScreen.storyboard */,
				A12C27C520DB8149001B4F19 /* Info.plist */,
				A12C27C620DB8149001B4F19 /* main.m */,
				A10C5DA420DB85C400023EDD /* PrefixHeader.pch */,
			);
			path = SupportingFiles;
			sourceTree = "<group>";
		};
		A10C5D8520DB848700023EDD /* Login */ = {
			isa = PBXGroup;
			children = (
				A10C5D8C20DB84DE00023EDD /* NTESLoginManager.h */,
				A10C5D8620DB84AD00023EDD /* NTESLoginManager.m */,
				A10C5D8A20DB84C700023EDD /* NTESLoginViewController.h */,
				A10C5D8B20DB84CE00023EDD /* NTESLoginViewController.m */,
				A10C5D8720DB84B700023EDD /* NTESLoginViewController.xib */,
				A10C5D8E20DB84EE00023EDD /* NTESPageContext.h */,
				A10C5D8820DB84BF00023EDD /* NTESPageContext.m */,
			);
			path = Login;
			sourceTree = "<group>";
		};
		A10C5D8920DB84C700023EDD /* Categories */ = {
			isa = PBXGroup;
			children = (
				A10C5D9420DB84FE00023EDD /* NSString+NTES.h */,
				A10C5D9320DB84F400023EDD /* NSString+NTES.m */,
				A10C5D8D20DB84E700023EDD /* UIView+NTES.h */,
				A10C5D9520DB850500023EDD /* UIView+NTES.m */,
				A10C5D9620DB850E00023EDD /* UIView+Toast.h */,
				A10C5D9720DB851600023EDD /* UIView+Toast.m */,
			);
			path = Categories;
			sourceTree = "<group>";
		};
		A10C5DAA20DB883D00023EDD /* NTESNotificationService */ = {
			isa = PBXGroup;
			children = (
				A10C5DAB20DB883D00023EDD /* NotificationService.h */,
				A10C5DAC20DB883D00023EDD /* NotificationService.m */,
				A10C5DAE20DB883D00023EDD /* Info.plist */,
			);
			path = NTESNotificationService;
			sourceTree = "<group>";
		};
		A10C5DBB20DB889000023EDD /* Frameworks */ = {
			isa = PBXGroup;
			children = (
				A10C5DBC20DB889000023EDD /* UserNotifications.framework */,
				A10C5DBE20DB889000023EDD /* UserNotificationsUI.framework */,
				DCA47121EDB3DA2605B9E27D /* libPods-NIMPushTool.a */,
				D7CEE523116E1C4FAF134CE9 /* libPods-NTESNotificationContent.a */,
				A58A8C03812E203E9E67730E /* libPods-NTESNotificationService.a */,
			);
			name = Frameworks;
			sourceTree = "<group>";
		};
		A10C5DC020DB889000023EDD /* NTESNotificationContent */ = {
			isa = PBXGroup;
			children = (
				A10C5DC120DB889000023EDD /* NotificationViewController.h */,
				A10C5DC220DB889000023EDD /* NotificationViewController.m */,
				A10C5DC420DB889000023EDD /* MainInterface.storyboard */,
				A10C5DC720DB889000023EDD /* Info.plist */,
			);
			path = NTESNotificationContent;
			sourceTree = "<group>";
		};
		A12C27AB20DB8147001B4F19 = {
			isa = PBXGroup;
			children = (
				A12C27B620DB8147001B4F19 /* NIMPushTool */,
				A10C5DAA20DB883D00023EDD /* NTESNotificationService */,
				A10C5DC020DB889000023EDD /* NTESNotificationContent */,
				A10C5DBB20DB889000023EDD /* Frameworks */,
				A12C27B520DB8147001B4F19 /* Products */,
				AB7D520A04EE7DFB4B9CF963 /* Pods */,
			);
			sourceTree = "<group>";
		};
		A12C27B520DB8147001B4F19 /* Products */ = {
			isa = PBXGroup;
			children = (
				A12C27B420DB8147001B4F19 /* NIMPushTool.app */,
				A10C5DA920DB883D00023EDD /* NTESNotificationService.appex */,
				A10C5DBA20DB889000023EDD /* NTESNotificationContent.appex */,
			);
			name = Products;
			sourceTree = "<group>";
		};
		A12C27B620DB8147001B4F19 /* NIMPushTool */ = {
			isa = PBXGroup;
			children = (
				A10C5DCE20DB8E5600023EDD /* NIMPushTool.entitlements */,
				A10C5D8920DB84C700023EDD /* Categories */,
				A10C5D8020DB834F00023EDD /* SupportingFiles */,
				A10C5D7F20DB834500023EDD /* Section */,
				A12C27B720DB8147001B4F19 /* AppDelegate.h */,
				A12C27B820DB8147001B4F19 /* AppDelegate.m */,
				A10C5DA120DB858400023EDD /* NTESDemoConfig.h */,
				A10C5DA220DB859000023EDD /* NTESDemoConfig.m */,
			);
			path = NIMPushTool;
			sourceTree = "<group>";
		};
		AB7D520A04EE7DFB4B9CF963 /* Pods */ = {
			isa = PBXGroup;
			children = (
				9368C0CAA1317E10A63D8C17 /* Pods-NIMPushTool.debug.xcconfig */,
				94E0F2CD8362B6FB79A0BD09 /* Pods-NIMPushTool.release.xcconfig */,
				CD4B558844882A6D2D99FDE7 /* Pods-NTESNotificationContent.debug.xcconfig */,
				1A036A82A3EE6857329AA0DD /* Pods-NTESNotificationContent.release.xcconfig */,
				C1130EC24649B2A6B9ED0FE7 /* Pods-NTESNotificationService.debug.xcconfig */,
				75CB6B3EE59FB85547C27ABE /* Pods-NTESNotificationService.release.xcconfig */,
			);
			name = Pods;
			sourceTree = "<group>";
		};
/* End PBXGroup section */

/* Begin PBXNativeTarget section */
		A10C5DA820DB883D00023EDD /* NTESNotificationService */ = {
			isa = PBXNativeTarget;
			buildConfigurationList = A10C5DB220DB883D00023EDD /* Build configuration list for PBXNativeTarget "NTESNotificationService" */;
			buildPhases = (
				14B443F0AAF1E723720141B1 /* [CP] Check Pods Manifest.lock */,
				A10C5DA520DB883D00023EDD /* Sources */,
				A10C5DA620DB883D00023EDD /* Frameworks */,
				A10C5DA720DB883D00023EDD /* Resources */,
			);
			buildRules = (
			);
			dependencies = (
			);
			name = NTESNotificationService;
			productName = NTESNotificationService;
			productReference = A10C5DA920DB883D00023EDD /* NTESNotificationService.appex */;
			productType = "com.apple.product-type.app-extension";
		};
		A10C5DB920DB889000023EDD /* NTESNotificationContent */ = {
			isa = PBXNativeTarget;
			buildConfigurationList = A10C5DCB20DB889000023EDD /* Build configuration list for PBXNativeTarget "NTESNotificationContent" */;
			buildPhases = (
				7592FBF3A008BEDAA67127D6 /* [CP] Check Pods Manifest.lock */,
				A10C5DB620DB889000023EDD /* Sources */,
				A10C5DB720DB889000023EDD /* Frameworks */,
				A10C5DB820DB889000023EDD /* Resources */,
			);
			buildRules = (
			);
			dependencies = (
			);
			name = NTESNotificationContent;
			productName = NTESNotificationContent;
			productReference = A10C5DBA20DB889000023EDD /* NTESNotificationContent.appex */;
			productType = "com.apple.product-type.app-extension";
		};
		A12C27B320DB8147001B4F19 /* NIMPushTool */ = {
			isa = PBXNativeTarget;
			buildConfigurationList = A12C27CA20DB8149001B4F19 /* Build configuration list for PBXNativeTarget "NIMPushTool" */;
			buildPhases = (
				1F90FD7C1F925DE00A89FF14 /* [CP] Check Pods Manifest.lock */,
				A12C27B020DB8147001B4F19 /* Sources */,
				A12C27B120DB8147001B4F19 /* Frameworks */,
				A12C27B220DB8147001B4F19 /* Resources */,
				A10C5D8420DB83D900023EDD /* Embed Frameworks */,
				A10C5DB520DB883D00023EDD /* Embed App Extensions */,
				191EE3DF2872FC23E5C8D7E1 /* [CP] Embed Pods Frameworks */,
			);
			buildRules = (
			);
			dependencies = (
				A10C5DB020DB883D00023EDD /* PBXTargetDependency */,
				A10C5DC920DB889000023EDD /* PBXTargetDependency */,
			);
			name = NIMPushTool;
			productName = NIMPushTool;
			productReference = A12C27B420DB8147001B4F19 /* NIMPushTool.app */;
			productType = "com.apple.product-type.application";
		};
/* End PBXNativeTarget section */

/* Begin PBXProject section */
		A12C27AC20DB8147001B4F19 /* Project object */ = {
			isa = PBXProject;
			attributes = {
				LastUpgradeCheck = 0940;
				ORGANIZATIONNAME = NIM;
				TargetAttributes = {
					A10C5DA820DB883D00023EDD = {
						CreatedOnToolsVersion = 9.4;
					};
					A10C5DB920DB889000023EDD = {
						CreatedOnToolsVersion = 9.4;
					};
					A12C27B320DB8147001B4F19 = {
						CreatedOnToolsVersion = 9.4;
						SystemCapabilities = {
							com.apple.BackgroundModes = {
								enabled = 1;
							};
							com.apple.Push = {
								enabled = 1;
							};
						};
					};
				};
			};
			buildConfigurationList = A12C27AF20DB8147001B4F19 /* Build configuration list for PBXProject "NIMPushTool" */;
			compatibilityVersion = "Xcode 9.3";
			developmentRegion = en;
			hasScannedForEncodings = 0;
			knownRegions = (
				en,
				Base,
			);
			mainGroup = A12C27AB20DB8147001B4F19;
			productRefGroup = A12C27B520DB8147001B4F19 /* Products */;
			projectDirPath = "";
			projectRoot = "";
			targets = (
				A12C27B320DB8147001B4F19 /* NIMPushTool */,
				A10C5DA820DB883D00023EDD /* NTESNotificationService */,
				A10C5DB920DB889000023EDD /* NTESNotificationContent */,
			);
		};
/* End PBXProject section */

/* Begin PBXResourcesBuildPhase section */
		A10C5DA720DB883D00023EDD /* Resources */ = {
			isa = PBXResourcesBuildPhase;
			buildActionMask = 2147483647;
			files = (
			);
			runOnlyForDeploymentPostprocessing = 0;
		};
		A10C5DB820DB889000023EDD /* Resources */ = {
			isa = PBXResourcesBuildPhase;
			buildActionMask = 2147483647;
			files = (
				A10C5DC620DB889000023EDD /* MainInterface.storyboard in Resources */,
			);
			runOnlyForDeploymentPostprocessing = 0;
		};
		A12C27B220DB8147001B4F19 /* Resources */ = {
			isa = PBXResourcesBuildPhase;
			buildActionMask = 2147483647;
			files = (
				A12C27C420DB8149001B4F19 /* LaunchScreen.storyboard in Resources */,
				A12C27C120DB8149001B4F19 /* Assets.xcassets in Resources */,
				A10C5D9020DB84EE00023EDD /* NTESLoginViewController.xib in Resources */,
				A12C27BF20DB8147001B4F19 /* Main.storyboard in Resources */,
			);
			runOnlyForDeploymentPostprocessing = 0;
		};
/* End PBXResourcesBuildPhase section */

/* Begin PBXShellScriptBuildPhase section */
		14B443F0AAF1E723720141B1 /* [CP] Check Pods Manifest.lock */ = {
			isa = PBXShellScriptBuildPhase;
			buildActionMask = 2147483647;
			files = (
			);
			inputPaths = (
				"${PODS_PODFILE_DIR_PATH}/Podfile.lock",
				"${PODS_ROOT}/Manifest.lock",
			);
			name = "[CP] Check Pods Manifest.lock";
			outputPaths = (
				"$(DERIVED_FILE_DIR)/Pods-NTESNotificationService-checkManifestLockResult.txt",
			);
			runOnlyForDeploymentPostprocessing = 0;
			shellPath = /bin/sh;
			shellScript = "diff \"${PODS_PODFILE_DIR_PATH}/Podfile.lock\" \"${PODS_ROOT}/Manifest.lock\" > /dev/null\nif [ $? != 0 ] ; then\n    # print error to STDERR\n    echo \"error: The sandbox is not in sync with the Podfile.lock. Run 'pod install' or update your CocoaPods installation.\" >&2\n    exit 1\nfi\n# This output is used by Xcode 'outputs' to avoid re-running this script phase.\necho \"SUCCESS\" > \"${SCRIPT_OUTPUT_FILE_0}\"\n";
			showEnvVarsInLog = 0;
		};
		191EE3DF2872FC23E5C8D7E1 /* [CP] Embed Pods Frameworks */ = {
			isa = PBXShellScriptBuildPhase;
			buildActionMask = 2147483647;
			files = (
			);
			inputPaths = (
				"${SRCROOT}/Pods/Target Support Files/Pods-NIMPushTool/Pods-NIMPushTool-frameworks.sh",
				"${PODS_ROOT}/NIMSDK_LITE/NIMSDK/NIMSDK.framework",
			);
			name = "[CP] Embed Pods Frameworks";
			outputPaths = (
				"${TARGET_BUILD_DIR}/${FRAMEWORKS_FOLDER_PATH}/NIMSDK.framework",
			);
			runOnlyForDeploymentPostprocessing = 0;
			shellPath = /bin/sh;
			shellScript = "\"${SRCROOT}/Pods/Target Support Files/Pods-NIMPushTool/Pods-NIMPushTool-frameworks.sh\"\n";
			showEnvVarsInLog = 0;
		};
		1F90FD7C1F925DE00A89FF14 /* [CP] Check Pods Manifest.lock */ = {
			isa = PBXShellScriptBuildPhase;
			buildActionMask = 2147483647;
			files = (
			);
			inputPaths = (
				"${PODS_PODFILE_DIR_PATH}/Podfile.lock",
				"${PODS_ROOT}/Manifest.lock",
			);
			name = "[CP] Check Pods Manifest.lock";
			outputPaths = (
				"$(DERIVED_FILE_DIR)/Pods-NIMPushTool-checkManifestLockResult.txt",
			);
			runOnlyForDeploymentPostprocessing = 0;
			shellPath = /bin/sh;
			shellScript = "diff \"${PODS_PODFILE_DIR_PATH}/Podfile.lock\" \"${PODS_ROOT}/Manifest.lock\" > /dev/null\nif [ $? != 0 ] ; then\n    # print error to STDERR\n    echo \"error: The sandbox is not in sync with the Podfile.lock. Run 'pod install' or update your CocoaPods installation.\" >&2\n    exit 1\nfi\n# This output is used by Xcode 'outputs' to avoid re-running this script phase.\necho \"SUCCESS\" > \"${SCRIPT_OUTPUT_FILE_0}\"\n";
			showEnvVarsInLog = 0;
		};
		7592FBF3A008BEDAA67127D6 /* [CP] Check Pods Manifest.lock */ = {
			isa = PBXShellScriptBuildPhase;
			buildActionMask = 2147483647;
			files = (
			);
			inputPaths = (
				"${PODS_PODFILE_DIR_PATH}/Podfile.lock",
				"${PODS_ROOT}/Manifest.lock",
			);
			name = "[CP] Check Pods Manifest.lock";
			outputPaths = (
				"$(DERIVED_FILE_DIR)/Pods-NTESNotificationContent-checkManifestLockResult.txt",
			);
			runOnlyForDeploymentPostprocessing = 0;
			shellPath = /bin/sh;
			shellScript = "diff \"${PODS_PODFILE_DIR_PATH}/Podfile.lock\" \"${PODS_ROOT}/Manifest.lock\" > /dev/null\nif [ $? != 0 ] ; then\n    # print error to STDERR\n    echo \"error: The sandbox is not in sync with the Podfile.lock. Run 'pod install' or update your CocoaPods installation.\" >&2\n    exit 1\nfi\n# This output is used by Xcode 'outputs' to avoid re-running this script phase.\necho \"SUCCESS\" > \"${SCRIPT_OUTPUT_FILE_0}\"\n";
			showEnvVarsInLog = 0;
		};
/* End PBXShellScriptBuildPhase section */

/* Begin PBXSourcesBuildPhase section */
		A10C5DA520DB883D00023EDD /* Sources */ = {
			isa = PBXSourcesBuildPhase;
			buildActionMask = 2147483647;
			files = (
				A10C5DAD20DB883D00023EDD /* NotificationService.m in Sources */,
			);
			runOnlyForDeploymentPostprocessing = 0;
		};
		A10C5DB620DB889000023EDD /* Sources */ = {
			isa = PBXSourcesBuildPhase;
			buildActionMask = 2147483647;
			files = (
				A10C5DC320DB889000023EDD /* NotificationViewController.m in Sources */,
			);
			runOnlyForDeploymentPostprocessing = 0;
		};
		A12C27B020DB8147001B4F19 /* Sources */ = {
			isa = PBXSourcesBuildPhase;
			buildActionMask = 2147483647;
			files = (
				A10C5D9A20DB851600023EDD /* UIView+Toast.m in Sources */,
				A10C5D9120DB84EE00023EDD /* NTESPageContext.m in Sources */,
				A12C27C720DB8149001B4F19 /* main.m in Sources */,
				A10C5DA320DB859100023EDD /* NTESDemoConfig.m in Sources */,
				A10C5DA020DB853E00023EDD /* NTESNotificationAction.m in Sources */,
				A12C27B920DB8147001B4F19 /* AppDelegate.m in Sources */,
				A10C5D9220DB84EE00023EDD /* NTESLoginViewController.m in Sources */,
				A10C5D8F20DB84EE00023EDD /* NTESLoginManager.m in Sources */,
				A10C5D9920DB851600023EDD /* UIView+NTES.m in Sources */,
				A10C5D9820DB851600023EDD /* NSString+NTES.m in Sources */,
				A10C5D9F20DB853E00023EDD /* NTESMainViewController.m in Sources */,
			);
			runOnlyForDeploymentPostprocessing = 0;
		};
/* End PBXSourcesBuildPhase section */

/* Begin PBXTargetDependency section */
		A10C5DB020DB883D00023EDD /* PBXTargetDependency */ = {
			isa = PBXTargetDependency;
			target = A10C5DA820DB883D00023EDD /* NTESNotificationService */;
			targetProxy = A10C5DAF20DB883D00023EDD /* PBXContainerItemProxy */;
		};
		A10C5DC920DB889000023EDD /* PBXTargetDependency */ = {
			isa = PBXTargetDependency;
			target = A10C5DB920DB889000023EDD /* NTESNotificationContent */;
			targetProxy = A10C5DC820DB889000023EDD /* PBXContainerItemProxy */;
		};
/* End PBXTargetDependency section */

/* Begin PBXVariantGroup section */
		A10C5DC420DB889000023EDD /* MainInterface.storyboard */ = {
			isa = PBXVariantGroup;
			children = (
				A10C5DC520DB889000023EDD /* Base */,
			);
			name = MainInterface.storyboard;
			sourceTree = "<group>";
		};
		A12C27BD20DB8147001B4F19 /* Main.storyboard */ = {
			isa = PBXVariantGroup;
			children = (
				A12C27BE20DB8147001B4F19 /* Base */,
			);
			name = Main.storyboard;
			sourceTree = "<group>";
		};
		A12C27C220DB8149001B4F19 /* LaunchScreen.storyboard */ = {
			isa = PBXVariantGroup;
			children = (
				A12C27C320DB8149001B4F19 /* Base */,
			);
			name = LaunchScreen.storyboard;
			sourceTree = "<group>";
		};
/* End PBXVariantGroup section */

/* Begin XCBuildConfiguration section */
		A10C5DB320DB883D00023EDD /* Debug */ = {
			isa = XCBuildConfiguration;
			baseConfigurationReference = C1130EC24649B2A6B9ED0FE7 /* Pods-NTESNotificationService.debug.xcconfig */;
			buildSettings = {
				CODE_SIGN_STYLE = Manual;
				DEVELOPMENT_TEAM = 569GNZ5392;
				ENABLE_BITCODE = NO;
				INFOPLIST_FILE = NTESNotificationService/Info.plist;
				IPHONEOS_DEPLOYMENT_TARGET = 10.0;
				LD_RUNPATH_SEARCH_PATHS = (
					"$(inherited)",
					"@executable_path/Frameworks",
					"@executable_path/../../Frameworks",
				);
				PRODUCT_BUNDLE_IDENTIFIER = com.netease.NIM.demo.NTESNotificationService;
				PRODUCT_NAME = "$(TARGET_NAME)";
				PROVISIONING_PROFILE = "834af82d-0f34-4a2e-940b-18578dfb8c25";
				PROVISIONING_PROFILE_SPECIFIER = "Wildcard Dev";
				SKIP_INSTALL = YES;
				TARGETED_DEVICE_FAMILY = 1;
			};
			name = Debug;
		};
		A10C5DB420DB883D00023EDD /* Release */ = {
			isa = XCBuildConfiguration;
			baseConfigurationReference = 75CB6B3EE59FB85547C27ABE /* Pods-NTESNotificationService.release.xcconfig */;
			buildSettings = {
				CODE_SIGN_IDENTITY = "iPhone Distribution";
				CODE_SIGN_STYLE = Manual;
				DEVELOPMENT_TEAM = 569GNZ5392;
				ENABLE_BITCODE = NO;
				INFOPLIST_FILE = NTESNotificationService/Info.plist;
				IPHONEOS_DEPLOYMENT_TARGET = 10.0;
				LD_RUNPATH_SEARCH_PATHS = (
					"$(inherited)",
					"@executable_path/Frameworks",
					"@executable_path/../../Frameworks",
				);
				PRODUCT_BUNDLE_IDENTIFIER = com.netease.NIM.demo.NTESNotificationService;
				PRODUCT_NAME = "$(TARGET_NAME)";
				PROVISIONING_PROFILE = "ac2e3501-5453-4014-a835-617dbd046c58";
				PROVISIONING_PROFILE_SPECIFIER = enterpriseForWildCard;
				SKIP_INSTALL = YES;
				TARGETED_DEVICE_FAMILY = 1;
			};
			name = Release;
		};
		A10C5DCC20DB889000023EDD /* Debug */ = {
			isa = XCBuildConfiguration;
			baseConfigurationReference = CD4B558844882A6D2D99FDE7 /* Pods-NTESNotificationContent.debug.xcconfig */;
			buildSettings = {
				CODE_SIGN_STYLE = Manual;
				DEVELOPMENT_TEAM = 569GNZ5392;
				ENABLE_BITCODE = NO;
				INFOPLIST_FILE = NTESNotificationContent/Info.plist;
				IPHONEOS_DEPLOYMENT_TARGET = 10.0;
				LD_RUNPATH_SEARCH_PATHS = (
					"$(inherited)",
					"@executable_path/Frameworks",
					"@executable_path/../../Frameworks",
				);
				PRODUCT_BUNDLE_IDENTIFIER = com.netease.NIM.demo.NTESNotificationContent;
				PRODUCT_NAME = "$(TARGET_NAME)";
				PROVISIONING_PROFILE = "834af82d-0f34-4a2e-940b-18578dfb8c25";
				PROVISIONING_PROFILE_SPECIFIER = "Wildcard Dev";
				SKIP_INSTALL = YES;
				TARGETED_DEVICE_FAMILY = "1,2";
				VALID_ARCHS = arm64;
			};
			name = Debug;
		};
		A10C5DCD20DB889000023EDD /* Release */ = {
			isa = XCBuildConfiguration;
			baseConfigurationReference = 1A036A82A3EE6857329AA0DD /* Pods-NTESNotificationContent.release.xcconfig */;
			buildSettings = {
				CODE_SIGN_IDENTITY = "iPhone Distribution";
				CODE_SIGN_STYLE = Manual;
				DEVELOPMENT_TEAM = 569GNZ5392;
				ENABLE_BITCODE = NO;
				INFOPLIST_FILE = NTESNotificationContent/Info.plist;
				IPHONEOS_DEPLOYMENT_TARGET = 10.0;
				LD_RUNPATH_SEARCH_PATHS = (
					"$(inherited)",
					"@executable_path/Frameworks",
					"@executable_path/../../Frameworks",
				);
				PRODUCT_BUNDLE_IDENTIFIER = com.netease.NIM.demo.NTESNotificationContent;
				PRODUCT_NAME = "$(TARGET_NAME)";
				PROVISIONING_PROFILE = "ac2e3501-5453-4014-a835-617dbd046c58";
				PROVISIONING_PROFILE_SPECIFIER = enterpriseForWildCard;
				SKIP_INSTALL = YES;
				TARGETED_DEVICE_FAMILY = "1,2";
				VALID_ARCHS = arm64;
			};
			name = Release;
		};
		A12C27C820DB8149001B4F19 /* Debug */ = {
			isa = XCBuildConfiguration;
			buildSettings = {
				ALWAYS_SEARCH_USER_PATHS = NO;
				CLANG_ANALYZER_NONNULL = YES;
				CLANG_ANALYZER_NUMBER_OBJECT_CONVERSION = YES_AGGRESSIVE;
				CLANG_CXX_LANGUAGE_STANDARD = "gnu++14";
				CLANG_CXX_LIBRARY = "libc++";
				CLANG_ENABLE_MODULES = YES;
				CLANG_ENABLE_OBJC_ARC = YES;
				CLANG_ENABLE_OBJC_WEAK = YES;
				CLANG_WARN_BLOCK_CAPTURE_AUTORELEASING = YES;
				CLANG_WARN_BOOL_CONVERSION = YES;
				CLANG_WARN_COMMA = YES;
				CLANG_WARN_CONSTANT_CONVERSION = YES;
				CLANG_WARN_DEPRECATED_OBJC_IMPLEMENTATIONS = YES;
				CLANG_WARN_DIRECT_OBJC_ISA_USAGE = YES_ERROR;
				CLANG_WARN_DOCUMENTATION_COMMENTS = YES;
				CLANG_WARN_EMPTY_BODY = YES;
				CLANG_WARN_ENUM_CONVERSION = YES;
				CLANG_WARN_INFINITE_RECURSION = YES;
				CLANG_WARN_INT_CONVERSION = YES;
				CLANG_WARN_NON_LITERAL_NULL_CONVERSION = YES;
				CLANG_WARN_OBJC_IMPLICIT_RETAIN_SELF = YES;
				CLANG_WARN_OBJC_LITERAL_CONVERSION = YES;
				CLANG_WARN_OBJC_ROOT_CLASS = YES_ERROR;
				CLANG_WARN_RANGE_LOOP_ANALYSIS = YES;
				CLANG_WARN_STRICT_PROTOTYPES = YES;
				CLANG_WARN_SUSPICIOUS_MOVE = YES;
				CLANG_WARN_UNGUARDED_AVAILABILITY = YES_AGGRESSIVE;
				CLANG_WARN_UNREACHABLE_CODE = YES;
				CLANG_WARN__DUPLICATE_METHOD_MATCH = YES;
				CODE_SIGN_IDENTITY = "iPhone Developer";
				COPY_PHASE_STRIP = NO;
				DEBUG_INFORMATION_FORMAT = dwarf;
				ENABLE_STRICT_OBJC_MSGSEND = YES;
				ENABLE_TESTABILITY = YES;
				GCC_C_LANGUAGE_STANDARD = gnu11;
				GCC_DYNAMIC_NO_PIC = NO;
				GCC_NO_COMMON_BLOCKS = YES;
				GCC_OPTIMIZATION_LEVEL = 0;
				GCC_PREPROCESSOR_DEFINITIONS = (
					"DEBUG=1",
					"$(inherited)",
				);
				GCC_WARN_64_TO_32_BIT_CONVERSION = YES;
				GCC_WARN_ABOUT_RETURN_TYPE = YES_ERROR;
				GCC_WARN_UNDECLARED_SELECTOR = YES;
				GCC_WARN_UNINITIALIZED_AUTOS = YES_AGGRESSIVE;
				GCC_WARN_UNUSED_FUNCTION = YES;
				GCC_WARN_UNUSED_VARIABLE = YES;
				IPHONEOS_DEPLOYMENT_TARGET = 11.4;
				MTL_ENABLE_DEBUG_INFO = YES;
				ONLY_ACTIVE_ARCH = YES;
				SDKROOT = iphoneos;
			};
			name = Debug;
		};
		A12C27C920DB8149001B4F19 /* Release */ = {
			isa = XCBuildConfiguration;
			buildSettings = {
				ALWAYS_SEARCH_USER_PATHS = NO;
				CLANG_ANALYZER_NONNULL = YES;
				CLANG_ANALYZER_NUMBER_OBJECT_CONVERSION = YES_AGGRESSIVE;
				CLANG_CXX_LANGUAGE_STANDARD = "gnu++14";
				CLANG_CXX_LIBRARY = "libc++";
				CLANG_ENABLE_MODULES = YES;
				CLANG_ENABLE_OBJC_ARC = YES;
				CLANG_ENABLE_OBJC_WEAK = YES;
				CLANG_WARN_BLOCK_CAPTURE_AUTORELEASING = YES;
				CLANG_WARN_BOOL_CONVERSION = YES;
				CLANG_WARN_COMMA = YES;
				CLANG_WARN_CONSTANT_CONVERSION = YES;
				CLANG_WARN_DEPRECATED_OBJC_IMPLEMENTATIONS = YES;
				CLANG_WARN_DIRECT_OBJC_ISA_USAGE = YES_ERROR;
				CLANG_WARN_DOCUMENTATION_COMMENTS = YES;
				CLANG_WARN_EMPTY_BODY = YES;
				CLANG_WARN_ENUM_CONVERSION = YES;
				CLANG_WARN_INFINITE_RECURSION = YES;
				CLANG_WARN_INT_CONVERSION = YES;
				CLANG_WARN_NON_LITERAL_NULL_CONVERSION = YES;
				CLANG_WARN_OBJC_IMPLICIT_RETAIN_SELF = YES;
				CLANG_WARN_OBJC_LITERAL_CONVERSION = YES;
				CLANG_WARN_OBJC_ROOT_CLASS = YES_ERROR;
				CLANG_WARN_RANGE_LOOP_ANALYSIS = YES;
				CLANG_WARN_STRICT_PROTOTYPES = YES;
				CLANG_WARN_SUSPICIOUS_MOVE = YES;
				CLANG_WARN_UNGUARDED_AVAILABILITY = YES_AGGRESSIVE;
				CLANG_WARN_UNREACHABLE_CODE = YES;
				CLANG_WARN__DUPLICATE_METHOD_MATCH = YES;
				CODE_SIGN_IDENTITY = "iPhone Developer";
				COPY_PHASE_STRIP = NO;
				DEBUG_INFORMATION_FORMAT = "dwarf-with-dsym";
				ENABLE_NS_ASSERTIONS = NO;
				ENABLE_STRICT_OBJC_MSGSEND = YES;
				GCC_C_LANGUAGE_STANDARD = gnu11;
				GCC_NO_COMMON_BLOCKS = YES;
				GCC_WARN_64_TO_32_BIT_CONVERSION = YES;
				GCC_WARN_ABOUT_RETURN_TYPE = YES_ERROR;
				GCC_WARN_UNDECLARED_SELECTOR = YES;
				GCC_WARN_UNINITIALIZED_AUTOS = YES_AGGRESSIVE;
				GCC_WARN_UNUSED_FUNCTION = YES;
				GCC_WARN_UNUSED_VARIABLE = YES;
				IPHONEOS_DEPLOYMENT_TARGET = 11.4;
				MTL_ENABLE_DEBUG_INFO = NO;
				SDKROOT = iphoneos;
				VALIDATE_PRODUCT = YES;
			};
			name = Release;
		};
		A12C27CB20DB8149001B4F19 /* Debug */ = {
			isa = XCBuildConfiguration;
			baseConfigurationReference = 9368C0CAA1317E10A63D8C17 /* Pods-NIMPushTool.debug.xcconfig */;
			buildSettings = {
				ASSETCATALOG_COMPILER_APPICON_NAME = AppIcon;
				ASSETCATALOG_COMPILER_LAUNCHIMAGE_NAME = LaunchImage;
				CODE_SIGN_ENTITLEMENTS = NIMPushTool/NIMPushTool.entitlements;
				CODE_SIGN_STYLE = Manual;
				DEVELOPMENT_TEAM = 569GNZ5392;
				ENABLE_BITCODE = NO;
				FRAMEWORK_SEARCH_PATHS = (
					"$(inherited)",
					"$(PROJECT_DIR)",
				);
				GCC_PRECOMPILE_PREFIX_HEADER = YES;
				GCC_PREFIX_HEADER = "$(PROJECT_DIR)/NIMPushTool/SupportingFiles/PrefixHeader.pch";
				INFOPLIST_FILE = "$(SRCROOT)/NIMPushTool/SupportingFiles/Info.plist";
				IPHONEOS_DEPLOYMENT_TARGET = 10.0;
				LD_RUNPATH_SEARCH_PATHS = (
					"$(inherited)",
					"@executable_path/Frameworks",
				);
				PRODUCT_BUNDLE_IDENTIFIER = com.netease.NIM.demo;
				PRODUCT_NAME = "$(TARGET_NAME)";
				PROVISIONING_PROFILE = "9d3d1725-5ae6-4755-ba8c-6c34292aed13";
				PROVISIONING_PROFILE_SPECIFIER = nim_demo_dev;
				TARGETED_DEVICE_FAMILY = 1;
			};
			name = Debug;
		};
		A12C27CC20DB8149001B4F19 /* Release */ = {
			isa = XCBuildConfiguration;
			baseConfigurationReference = 94E0F2CD8362B6FB79A0BD09 /* Pods-NIMPushTool.release.xcconfig */;
			buildSettings = {
				ASSETCATALOG_COMPILER_APPICON_NAME = AppIcon;
				ASSETCATALOG_COMPILER_LAUNCHIMAGE_NAME = LaunchImage;
				CODE_SIGN_ENTITLEMENTS = NIMPushTool/NIMPushTool.entitlements;
				CODE_SIGN_IDENTITY = "iPhone Distribution";
				CODE_SIGN_STYLE = Manual;
				DEVELOPMENT_TEAM = 569GNZ5392;
				ENABLE_BITCODE = NO;
				FRAMEWORK_SEARCH_PATHS = (
					"$(inherited)",
					"$(PROJECT_DIR)",
				);
				GCC_PRECOMPILE_PREFIX_HEADER = YES;
				GCC_PREFIX_HEADER = "$(PROJECT_DIR)/NIMPushTool/SupportingFiles/PrefixHeader.pch";
				INFOPLIST_FILE = "$(SRCROOT)/NIMPushTool/SupportingFiles/Info.plist";
				IPHONEOS_DEPLOYMENT_TARGET = 10.0;
				LD_RUNPATH_SEARCH_PATHS = (
					"$(inherited)",
					"@executable_path/Frameworks",
				);
				PRODUCT_BUNDLE_IDENTIFIER = com.netease.NIM.demo;
				PRODUCT_NAME = "$(TARGET_NAME)";
				PROVISIONING_PROFILE = "438e51fa-c330-4564-bcaf-020861da01eb";
				PROVISIONING_PROFILE_SPECIFIER = nim_demo;
				TARGETED_DEVICE_FAMILY = 1;
			};
			name = Release;
		};
/* End XCBuildConfiguration section */

/* Begin XCConfigurationList section */
		A10C5DB220DB883D00023EDD /* Build configuration list for PBXNativeTarget "NTESNotificationService" */ = {
			isa = XCConfigurationList;
			buildConfigurations = (
				A10C5DB320DB883D00023EDD /* Debug */,
				A10C5DB420DB883D00023EDD /* Release */,
			);
			defaultConfigurationIsVisible = 0;
			defaultConfigurationName = Release;
		};
		A10C5DCB20DB889000023EDD /* Build configuration list for PBXNativeTarget "NTESNotificationContent" */ = {
			isa = XCConfigurationList;
			buildConfigurations = (
				A10C5DCC20DB889000023EDD /* Debug */,
				A10C5DCD20DB889000023EDD /* Release */,
			);
			defaultConfigurationIsVisible = 0;
			defaultConfigurationName = Release;
		};
		A12C27AF20DB8147001B4F19 /* Build configuration list for PBXProject "NIMPushTool" */ = {
			isa = XCConfigurationList;
			buildConfigurations = (
				A12C27C820DB8149001B4F19 /* Debug */,
				A12C27C920DB8149001B4F19 /* Release */,
			);
			defaultConfigurationIsVisible = 0;
			defaultConfigurationName = Release;
		};
		A12C27CA20DB8149001B4F19 /* Build configuration list for PBXNativeTarget "NIMPushTool" */ = {
			isa = XCConfigurationList;
			buildConfigurations = (
				A12C27CB20DB8149001B4F19 /* Debug */,
				A12C27CC20DB8149001B4F19 /* Release */,
			);
			defaultConfigurationIsVisible = 0;
			defaultConfigurationName = Release;
		};
/* End XCConfigurationList section */
	};
	rootObject = A12C27AC20DB8147001B4F19 /* Project object */;
}
